// !$*UTF8*$!
{
	archiveVersion = 1;
	classes = {
	};
	objectVersion = 56;
	objects = {

/* Begin PBXBuildFile section */
		6842FE6829925137009203B4 /* AceNewsApp.swift in Sources */ = {isa = PBXBuildFile; fileRef = 6842FE6729925137009203B4 /* AceNewsApp.swift */; };
		6842FE6C29925138009203B4 /* Assets.xcassets in Resources */ = {isa = PBXBuildFile; fileRef = 6842FE6B29925138009203B4 /* Assets.xcassets */; };
		6842FE6F29925138009203B4 /* Preview Assets.xcassets in Resources */ = {isa = PBXBuildFile; fileRef = 6842FE6E29925138009203B4 /* Preview Assets.xcassets */; };
		6842FE7929925138009203B4 /* AceNewsTests.swift in Sources */ = {isa = PBXBuildFile; fileRef = 6842FE7829925138009203B4 /* AceNewsTests.swift */; };
		6842FE8329925138009203B4 /* AceNewsUITests.swift in Sources */ = {isa = PBXBuildFile; fileRef = 6842FE8229925138009203B4 /* AceNewsUITests.swift */; };
		6842FE8529925138009203B4 /* AceNewsUITestsLaunchTests.swift in Sources */ = {isa = PBXBuildFile; fileRef = 6842FE8429925138009203B4 /* AceNewsUITestsLaunchTests.swift */; };
		6842FE9329925671009203B4 /* HomeView.swift in Sources */ = {isa = PBXBuildFile; fileRef = 6842FE9229925671009203B4 /* HomeView.swift */; };
		6842FE96299259AF009203B4 /* NewsResponse.swift in Sources */ = {isa = PBXBuildFile; fileRef = 6842FE95299259AF009203B4 /* NewsResponse.swift */; };
		6842FE9929925C24009203B4 /* NewsEndpoint.swift in Sources */ = {isa = PBXBuildFile; fileRef = 6842FE9829925C24009203B4 /* NewsEndpoint.swift */; };
/* End PBXBuildFile section */

/* Begin PBXContainerItemProxy section */
		6842FE7529925138009203B4 /* PBXContainerItemProxy */ = {
			isa = PBXContainerItemProxy;
			containerPortal = 6842FE5C29925137009203B4 /* Project object */;
			proxyType = 1;
			remoteGlobalIDString = 6842FE6329925137009203B4;
			remoteInfo = AceNews;
		};
		6842FE7F29925138009203B4 /* PBXContainerItemProxy */ = {
			isa = PBXContainerItemProxy;
			containerPortal = 6842FE5C29925137009203B4 /* Project object */;
			proxyType = 1;
			remoteGlobalIDString = 6842FE6329925137009203B4;
			remoteInfo = AceNews;
		};
/* End PBXContainerItemProxy section */

/* Begin PBXFileReference section */
		6842FE6429925137009203B4 /* AceNews.app */ = {isa = PBXFileReference; explicitFileType = wrapper.application; includeInIndex = 0; path = AceNews.app; sourceTree = BUILT_PRODUCTS_DIR; };
		6842FE6729925137009203B4 /* AceNewsApp.swift */ = {isa = PBXFileReference; lastKnownFileType = sourcecode.swift; path = AceNewsApp.swift; sourceTree = "<group>"; };
		6842FE6B29925138009203B4 /* Assets.xcassets */ = {isa = PBXFileReference; lastKnownFileType = folder.assetcatalog; path = Assets.xcassets; sourceTree = "<group>"; };
		6842FE6E29925138009203B4 /* Preview Assets.xcassets */ = {isa = PBXFileReference; lastKnownFileType = folder.assetcatalog; path = "Preview Assets.xcassets"; sourceTree = "<group>"; };
		6842FE7429925138009203B4 /* AceNewsTests.xctest */ = {isa = PBXFileReference; explicitFileType = wrapper.cfbundle; includeInIndex = 0; path = AceNewsTests.xctest; sourceTree = BUILT_PRODUCTS_DIR; };
		6842FE7829925138009203B4 /* AceNewsTests.swift */ = {isa = PBXFileReference; lastKnownFileType = sourcecode.swift; path = AceNewsTests.swift; sourceTree = "<group>"; };
		6842FE7E29925138009203B4 /* AceNewsUITests.xctest */ = {isa = PBXFileReference; explicitFileType = wrapper.cfbundle; includeInIndex = 0; path = AceNewsUITests.xctest; sourceTree = BUILT_PRODUCTS_DIR; };
		6842FE8229925138009203B4 /* AceNewsUITests.swift */ = {isa = PBXFileReference; lastKnownFileType = sourcecode.swift; path = AceNewsUITests.swift; sourceTree = "<group>"; };
		6842FE8429925138009203B4 /* AceNewsUITestsLaunchTests.swift */ = {isa = PBXFileReference; lastKnownFileType = sourcecode.swift; path = AceNewsUITestsLaunchTests.swift; sourceTree = "<group>"; };
		6842FE9229925671009203B4 /* HomeView.swift */ = {isa = PBXFileReference; lastKnownFileType = sourcecode.swift; path = HomeView.swift; sourceTree = "<group>"; };
		6842FE95299259AF009203B4 /* NewsResponse.swift */ = {isa = PBXFileReference; lastKnownFileType = sourcecode.swift; path = NewsResponse.swift; sourceTree = "<group>"; };
		6842FE9829925C24009203B4 /* NewsEndpoint.swift */ = {isa = PBXFileReference; lastKnownFileType = sourcecode.swift; path = NewsEndpoint.swift; sourceTree = "<group>"; };
/* End PBXFileReference section */

/* Begin PBXFrameworksBuildPhase section */
		6842FE6129925137009203B4 /* Frameworks */ = {
			isa = PBXFrameworksBuildPhase;
			buildActionMask = 2147483647;
			files = (
			);
			runOnlyForDeploymentPostprocessing = 0;
		};
		6842FE7129925138009203B4 /* Frameworks */ = {
			isa = PBXFrameworksBuildPhase;
			buildActionMask = 2147483647;
			files = (
			);
			runOnlyForDeploymentPostprocessing = 0;
		};
		6842FE7B29925138009203B4 /* Frameworks */ = {
			isa = PBXFrameworksBuildPhase;
			buildActionMask = 2147483647;
			files = (
			);
			runOnlyForDeploymentPostprocessing = 0;
		};
/* End PBXFrameworksBuildPhase section */

/* Begin PBXGroup section */
		6842FE5B29925137009203B4 = {
			isa = PBXGroup;
			children = (
				6842FE6629925137009203B4 /* AceNews */,
				6842FE7729925138009203B4 /* AceNewsTests */,
				6842FE8129925138009203B4 /* AceNewsUITests */,
				6842FE6529925137009203B4 /* Products */,
			);
			sourceTree = "<group>";
		};
		6842FE6529925137009203B4 /* Products */ = {
			isa = PBXGroup;
			children = (
				6842FE6429925137009203B4 /* AceNews.app */,
				6842FE7429925138009203B4 /* AceNewsTests.xctest */,
				6842FE7E29925138009203B4 /* AceNewsUITests.xctest */,
			);
			name = Products;
			sourceTree = "<group>";
		};
		6842FE6629925137009203B4 /* AceNews */ = {
			isa = PBXGroup;
			children = (
				6842FE9729925BE2009203B4 /* Endpoint */,
				6842FE942992596A009203B4 /* Model */,
				6842FE912992563F009203B4 /* Views */,
				6842FE6729925137009203B4 /* AceNewsApp.swift */,
				6842FE6B29925138009203B4 /* Assets.xcassets */,
				6842FE6D29925138009203B4 /* Preview Content */,
			);
			path = AceNews;
			sourceTree = "<group>";
		};
		6842FE6D29925138009203B4 /* Preview Content */ = {
			isa = PBXGroup;
			children = (
				6842FE6E29925138009203B4 /* Preview Assets.xcassets */,
			);
			path = "Preview Content";
			sourceTree = "<group>";
		};
		6842FE7729925138009203B4 /* AceNewsTests */ = {
			isa = PBXGroup;
			children = (
				6842FE7829925138009203B4 /* AceNewsTests.swift */,
			);
			path = AceNewsTests;
			sourceTree = "<group>";
		};
		6842FE8129925138009203B4 /* AceNewsUITests */ = {
			isa = PBXGroup;
			children = (
				6842FE8229925138009203B4 /* AceNewsUITests.swift */,
				6842FE8429925138009203B4 /* AceNewsUITestsLaunchTests.swift */,
			);
			path = AceNewsUITests;
			sourceTree = "<group>";
		};
		6842FE912992563F009203B4 /* Views */ = {
			isa = PBXGroup;
			children = (
				6842FE9229925671009203B4 /* HomeView.swift */,
			);
			path = Views;
			sourceTree = "<group>";
		};
		6842FE942992596A009203B4 /* Model */ = {
			isa = PBXGroup;
			children = (
				6842FE95299259AF009203B4 /* NewsResponse.swift */,
			);
			path = Model;
			sourceTree = "<group>";
		};
		6842FE9729925BE2009203B4 /* Endpoint */ = {
			isa = PBXGroup;
			children = (
				6842FE9829925C24009203B4 /* NewsEndpoint.swift */,
			);
			path = Endpoint;
			sourceTree = "<group>";
		};
/* End PBXGroup section */

/* Begin PBXNativeTarget section */
		6842FE6329925137009203B4 /* AceNews */ = {
			isa = PBXNativeTarget;
			buildConfigurationList = 6842FE8829925138009203B4 /* Build configuration list for PBXNativeTarget "AceNews" */;
			buildPhases = (
				6842FE6029925137009203B4 /* Sources */,
				6842FE6129925137009203B4 /* Frameworks */,
				6842FE6229925137009203B4 /* Resources */,
			);
			buildRules = (
			);
			dependencies = (
			);
			name = AceNews;
			productName = AceNews;
			productReference = 6842FE6429925137009203B4 /* AceNews.app */;
			productType = "com.apple.product-type.application";
		};
		6842FE7329925138009203B4 /* AceNewsTests */ = {
			isa = PBXNativeTarget;
			buildConfigurationList = 6842FE8B29925138009203B4 /* Build configuration list for PBXNativeTarget "AceNewsTests" */;
			buildPhases = (
				6842FE7029925138009203B4 /* Sources */,
				6842FE7129925138009203B4 /* Frameworks */,
				6842FE7229925138009203B4 /* Resources */,
			);
			buildRules = (
			);
			dependencies = (
				6842FE7629925138009203B4 /* PBXTargetDependency */,
			);
			name = AceNewsTests;
			productName = AceNewsTests;
			productReference = 6842FE7429925138009203B4 /* AceNewsTests.xctest */;
			productType = "com.apple.product-type.bundle.unit-test";
		};
		6842FE7D29925138009203B4 /* AceNewsUITests */ = {
			isa = PBXNativeTarget;
			buildConfigurationList = 6842FE8E29925138009203B4 /* Build configuration list for PBXNativeTarget "AceNewsUITests" */;
			buildPhases = (
				6842FE7A29925138009203B4 /* Sources */,
				6842FE7B29925138009203B4 /* Frameworks */,
				6842FE7C29925138009203B4 /* Resources */,
			);
			buildRules = (
			);
			dependencies = (
				6842FE8029925138009203B4 /* PBXTargetDependency */,
			);
			name = AceNewsUITests;
			productName = AceNewsUITests;
			productReference = 6842FE7E29925138009203B4 /* AceNewsUITests.xctest */;
			productType = "com.apple.product-type.bundle.ui-testing";
		};
/* End PBXNativeTarget section */

/* Begin PBXProject section */
		6842FE5C29925137009203B4 /* Project object */ = {
			isa = PBXProject;
			attributes = {
				BuildIndependentTargetsInParallel = 1;
				LastSwiftUpdateCheck = 1420;
				LastUpgradeCheck = 1420;
				TargetAttributes = {
					6842FE6329925137009203B4 = {
						CreatedOnToolsVersion = 14.2;
					};
					6842FE7329925138009203B4 = {
						CreatedOnToolsVersion = 14.2;
						TestTargetID = 6842FE6329925137009203B4;
					};
					6842FE7D29925138009203B4 = {
						CreatedOnToolsVersion = 14.2;
						TestTargetID = 6842FE6329925137009203B4;
					};
				};
			};
			buildConfigurationList = 6842FE5F29925137009203B4 /* Build configuration list for PBXProject "AceNews" */;
			compatibilityVersion = "Xcode 14.0";
			developmentRegion = en;
			hasScannedForEncodings = 0;
			knownRegions = (
				en,
				Base,
			);
			mainGroup = 6842FE5B29925137009203B4;
			productRefGroup = 6842FE6529925137009203B4 /* Products */;
			projectDirPath = "";
			projectRoot = "";
			targets = (
				6842FE6329925137009203B4 /* AceNews */,
				6842FE7329925138009203B4 /* AceNewsTests */,
				6842FE7D29925138009203B4 /* AceNewsUITests */,
			);
		};
/* End PBXProject section */

/* Begin PBXResourcesBuildPhase section */
		6842FE6229925137009203B4 /* Resources */ = {
			isa = PBXResourcesBuildPhase;
			buildActionMask = 2147483647;
			files = (
				6842FE6F29925138009203B4 /* Preview Assets.xcassets in Resources */,
				6842FE6C29925138009203B4 /* Assets.xcassets in Resources */,
			);
			runOnlyForDeploymentPostprocessing = 0;
		};
		6842FE7229925138009203B4 /* Resources */ = {
			isa = PBXResourcesBuildPhase;
			buildActionMask = 2147483647;
			files = (
			);
			runOnlyForDeploymentPostprocessing = 0;
		};
		6842FE7C29925138009203B4 /* Resources */ = {
			isa = PBXResourcesBuildPhase;
			buildActionMask = 2147483647;
			files = (
			);
			runOnlyForDeploymentPostprocessing = 0;
		};
/* End PBXResourcesBuildPhase section */

/* Begin PBXSourcesBuildPhase section */
		6842FE6029925137009203B4 /* Sources */ = {
			isa = PBXSourcesBuildPhase;
			buildActionMask = 2147483647;
			files = (
				6842FE9329925671009203B4 /* HomeView.swift in Sources */,
				6842FE6829925137009203B4 /* AceNewsApp.swift in Sources */,
				6842FE96299259AF009203B4 /* NewsResponse.swift in Sources */,
				6842FE9929925C24009203B4 /* NewsEndpoint.swift in Sources */,
			);
			runOnlyForDeploymentPostprocessing = 0;
		};
		6842FE7029925138009203B4 /* Sources */ = {
			isa = PBXSourcesBuildPhase;
			buildActionMask = 2147483647;
			files = (
				6842FE7929925138009203B4 /* AceNewsTests.swift in Sources */,
			);
			runOnlyForDeploymentPostprocessing = 0;
		};
		6842FE7A29925138009203B4 /* Sources */ = {
			isa = PBXSourcesBuildPhase;
			buildActionMask = 2147483647;
			files = (
				6842FE8329925138009203B4 /* AceNewsUITests.swift in Sources */,
				6842FE8529925138009203B4 /* AceNewsUITestsLaunchTests.swift in Sources */,
			);
			runOnlyForDeploymentPostprocessing = 0;
		};
/* End PBXSourcesBuildPhase section */

/* Begin PBXTargetDependency section */
		6842FE7629925138009203B4 /* PBXTargetDependency */ = {
			isa = PBXTargetDependency;
			target = 6842FE6329925137009203B4 /* AceNews */;
			targetProxy = 6842FE7529925138009203B4 /* PBXContainerItemProxy */;
		};
		6842FE8029925138009203B4 /* PBXTargetDependency */ = {
			isa = PBXTargetDependency;
			target = 6842FE6329925137009203B4 /* AceNews */;
			targetProxy = 6842FE7F29925138009203B4 /* PBXContainerItemProxy */;
		};
/* End PBXTargetDependency section */

/* Begin XCBuildConfiguration section */
		6842FE8629925138009203B4 /* Debug */ = {
			isa = XCBuildConfiguration;
			buildSettings = {
				ALWAYS_SEARCH_USER_PATHS = NO;
				CLANG_ANALYZER_NONNULL = YES;
				CLANG_ANALYZER_NUMBER_OBJECT_CONVERSION = YES_AGGRESSIVE;
				CLANG_CXX_LANGUAGE_STANDARD = "gnu++20";
				CLANG_ENABLE_MODULES = YES;
				CLANG_ENABLE_OBJC_ARC = YES;
				CLANG_ENABLE_OBJC_WEAK = YES;
				CLANG_WARN_BLOCK_CAPTURE_AUTORELEASING = YES;
				CLANG_WARN_BOOL_CONVERSION = YES;
				CLANG_WARN_COMMA = YES;
				CLANG_WARN_CONSTANT_CONVERSION = YES;
				CLANG_WARN_DEPRECATED_OBJC_IMPLEMENTATIONS = YES;
				CLANG_WARN_DIRECT_OBJC_ISA_USAGE = YES_ERROR;
				CLANG_WARN_DOCUMENTATION_COMMENTS = YES;
				CLANG_WARN_EMPTY_BODY = YES;
				CLANG_WARN_ENUM_CONVERSION = YES;
				CLANG_WARN_INFINITE_RECURSION = YES;
				CLANG_WARN_INT_CONVERSION = YES;
				CLANG_WARN_NON_LITERAL_NULL_CONVERSION = YES;
				CLANG_WARN_OBJC_IMPLICIT_RETAIN_SELF = YES;
				CLANG_WARN_OBJC_LITERAL_CONVERSION = YES;
				CLANG_WARN_OBJC_ROOT_CLASS = YES_ERROR;
				CLANG_WARN_QUOTED_INCLUDE_IN_FRAMEWORK_HEADER = YES;
				CLANG_WARN_RANGE_LOOP_ANALYSIS = YES;
				CLANG_WARN_STRICT_PROTOTYPES = YES;
				CLANG_WARN_SUSPICIOUS_MOVE = YES;
				CLANG_WARN_UNGUARDED_AVAILABILITY = YES_AGGRESSIVE;
				CLANG_WARN_UNREACHABLE_CODE = YES;
				CLANG_WARN__DUPLICATE_METHOD_MATCH = YES;
				COPY_PHASE_STRIP = NO;
				DEBUG_INFORMATION_FORMAT = dwarf;
				ENABLE_STRICT_OBJC_MSGSEND = YES;
				ENABLE_TESTABILITY = YES;
				GCC_C_LANGUAGE_STANDARD = gnu11;
				GCC_DYNAMIC_NO_PIC = NO;
				GCC_NO_COMMON_BLOCKS = YES;
				GCC_OPTIMIZATION_LEVEL = 0;
				GCC_PREPROCESSOR_DEFINITIONS = (
					"DEBUG=1",
					"$(inherited)",
				);
				GCC_WARN_64_TO_32_BIT_CONVERSION = YES;
				GCC_WARN_ABOUT_RETURN_TYPE = YES_ERROR;
				GCC_WARN_UNDECLARED_SELECTOR = YES;
				GCC_WARN_UNINITIALIZED_AUTOS = YES_AGGRESSIVE;
				GCC_WARN_UNUSED_FUNCTION = YES;
				GCC_WARN_UNUSED_VARIABLE = YES;
				IPHONEOS_DEPLOYMENT_TARGET = 16.2;
				MTL_ENABLE_DEBUG_INFO = INCLUDE_SOURCE;
				MTL_FAST_MATH = YES;
				ONLY_ACTIVE_ARCH = YES;
				SDKROOT = iphoneos;
				SWIFT_ACTIVE_COMPILATION_CONDITIONS = DEBUG;
				SWIFT_OPTIMIZATION_LEVEL = "-Onone";
			};
			name = Debug;
		};
		6842FE8729925138009203B4 /* Release */ = {
			isa = XCBuildConfiguration;
			buildSettings = {
				ALWAYS_SEARCH_USER_PATHS = NO;
				CLANG_ANALYZER_NONNULL = YES;
				CLANG_ANALYZER_NUMBER_OBJECT_CONVERSION = YES_AGGRESSIVE;
				CLANG_CXX_LANGUAGE_STANDARD = "gnu++20";
				CLANG_ENABLE_MODULES = YES;
				CLANG_ENABLE_OBJC_ARC = YES;
				CLANG_ENABLE_OBJC_WEAK = YES;
				CLANG_WARN_BLOCK_CAPTURE_AUTORELEASING = YES;
				CLANG_WARN_BOOL_CONVERSION = YES;
				CLANG_WARN_COMMA = YES;
				CLANG_WARN_CONSTANT_CONVERSION = YES;
				CLANG_WARN_DEPRECATED_OBJC_IMPLEMENTATIONS = YES;
				CLANG_WARN_DIRECT_OBJC_ISA_USAGE = YES_ERROR;
				CLANG_WARN_DOCUMENTATION_COMMENTS = YES;
				CLANG_WARN_EMPTY_BODY = YES;
				CLANG_WARN_ENUM_CONVERSION = YES;
				CLANG_WARN_INFINITE_RECURSION = YES;
				CLANG_WARN_INT_CONVERSION = YES;
				CLANG_WARN_NON_LITERAL_NULL_CONVERSION = YES;
				CLANG_WARN_OBJC_IMPLICIT_RETAIN_SELF = YES;
				CLANG_WARN_OBJC_LITERAL_CONVERSION = YES;
				CLANG_WARN_OBJC_ROOT_CLASS = YES_ERROR;
				CLANG_WARN_QUOTED_INCLUDE_IN_FRAMEWORK_HEADER = YES;
				CLANG_WARN_RANGE_LOOP_ANALYSIS = YES;
				CLANG_WARN_STRICT_PROTOTYPES = YES;
				CLANG_WARN_SUSPICIOUS_MOVE = YES;
				CLANG_WARN_UNGUARDED_AVAILABILITY = YES_AGGRESSIVE;
				CLANG_WARN_UNREACHABLE_CODE = YES;
				CLANG_WARN__DUPLICATE_METHOD_MATCH = YES;
				COPY_PHASE_STRIP = NO;
				DEBUG_INFORMATION_FORMAT = "dwarf-with-dsym";
				ENABLE_NS_ASSERTIONS = NO;
				ENABLE_STRICT_OBJC_MSGSEND = YES;
				GCC_C_LANGUAGE_STANDARD = gnu11;
				GCC_NO_COMMON_BLOCKS = YES;
				GCC_WARN_64_TO_32_BIT_CONVERSION = YES;
				GCC_WARN_ABOUT_RETURN_TYPE = YES_ERROR;
				GCC_WARN_UNDECLARED_SELECTOR = YES;
				GCC_WARN_UNINITIALIZED_AUTOS = YES_AGGRESSIVE;
				GCC_WARN_UNUSED_FUNCTION = YES;
				GCC_WARN_UNUSED_VARIABLE = YES;
				IPHONEOS_DEPLOYMENT_TARGET = 16.2;
				MTL_ENABLE_DEBUG_INFO = NO;
				MTL_FAST_MATH = YES;
				SDKROOT = iphoneos;
				SWIFT_COMPILATION_MODE = wholemodule;
				SWIFT_OPTIMIZATION_LEVEL = "-O";
				VALIDATE_PRODUCT = YES;
			};
			name = Release;
		};
		6842FE8929925138009203B4 /* Debug */ = {
			isa = XCBuildConfiguration;
			buildSettings = {
				ASSETCATALOG_COMPILER_APPICON_NAME = AppIcon;
				ASSETCATALOG_COMPILER_GLOBAL_ACCENT_COLOR_NAME = AccentColor;
				CODE_SIGN_STYLE = Automatic;
				CURRENT_PROJECT_VERSION = 1;
				DEVELOPMENT_ASSET_PATHS = "\"AceNews/Preview Content\"";
				ENABLE_PREVIEWS = YES;
				GENERATE_INFOPLIST_FILE = YES;
				INFOPLIST_KEY_UIApplicationSceneManifest_Generation = YES;
				INFOPLIST_KEY_UIApplicationSupportsIndirectInputEvents = YES;
				INFOPLIST_KEY_UILaunchScreen_Generation = YES;
				INFOPLIST_KEY_UISupportedInterfaceOrientations_iPad = "UIInterfaceOrientationPortrait UIInterfaceOrientationPortraitUpsideDown UIInterfaceOrientationLandscapeLeft UIInterfaceOrientationLandscapeRight";
				INFOPLIST_KEY_UISupportedInterfaceOrientations_iPhone = "UIInterfaceOrientationPortrait UIInterfaceOrientationLandscapeLeft UIInterfaceOrientationLandscapeRight";
				LD_RUNPATH_SEARCH_PATHS = (
					"$(inherited)",
					"@executable_path/Frameworks",
				);
				MARKETING_VERSION = 1.0;
				PRODUCT_BUNDLE_IDENTIFIER = AceEzra.AceNews;
				PRODUCT_NAME = "$(TARGET_NAME)";
				SWIFT_EMIT_LOC_STRINGS = YES;
				SWIFT_VERSION = 5.0;
				TARGETED_DEVICE_FAMILY = "1,2";
			};
			name = Debug;
		};
		6842FE8A29925138009203B4 /* Release */ = {
			isa = XCBuildConfiguration;
			buildSettings = {
				ASSETCATALOG_COMPILER_APPICON_NAME = AppIcon;
				ASSETCATALOG_COMPILER_GLOBAL_ACCENT_COLOR_NAME = AccentColor;
				CODE_SIGN_STYLE = Automatic;
				CURRENT_PROJECT_VERSION = 1;
				DEVELOPMENT_ASSET_PATHS = "\"AceNews/Preview Content\"";
				ENABLE_PREVIEWS = YES;
				GENERATE_INFOPLIST_FILE = YES;
				INFOPLIST_KEY_UIApplicationSceneManifest_Generation = YES;
				INFOPLIST_KEY_UIApplicationSupportsIndirectInputEvents = YES;
				INFOPLIST_KEY_UILaunchScreen_Generation = YES;
				INFOPLIST_KEY_UISupportedInterfaceOrientations_iPad = "UIInterfaceOrientationPortrait UIInterfaceOrientationPortraitUpsideDown UIInterfaceOrientationLandscapeLeft UIInterfaceOrientationLandscapeRight";
				INFOPLIST_KEY_UISupportedInterfaceOrientations_iPhone = "UIInterfaceOrientationPortrait UIInterfaceOrientationLandscapeLeft UIInterfaceOrientationLandscapeRight";
				LD_RUNPATH_SEARCH_PATHS = (
					"$(inherited)",
					"@executable_path/Frameworks",
				);
				MARKETING_VERSION = 1.0;
				PRODUCT_BUNDLE_IDENTIFIER = AceEzra.AceNews;
				PRODUCT_NAME = "$(TARGET_NAME)";
				SWIFT_EMIT_LOC_STRINGS = YES;
				SWIFT_VERSION = 5.0;
				TARGETED_DEVICE_FAMILY = "1,2";
			};
			name = Release;
		};
		6842FE8C29925138009203B4 /* Debug */ = {
			isa = XCBuildConfiguration;
			buildSettings = {
				ALWAYS_EMBED_SWIFT_STANDARD_LIBRARIES = YES;
				BUNDLE_LOADER = "$(TEST_HOST)";
				CODE_SIGN_STYLE = Automatic;
				CURRENT_PROJECT_VERSION = 1;
				GENERATE_INFOPLIST_FILE = YES;
				IPHONEOS_DEPLOYMENT_TARGET = 16.2;
				MARKETING_VERSION = 1.0;
				PRODUCT_BUNDLE_IDENTIFIER = AceEzra.AceNewsTests;
				PRODUCT_NAME = "$(TARGET_NAME)";
				SWIFT_EMIT_LOC_STRINGS = NO;
				SWIFT_VERSION = 5.0;
				TARGETED_DEVICE_FAMILY = "1,2";
				TEST_HOST = "$(BUILT_PRODUCTS_DIR)/AceNews.app/$(BUNDLE_EXECUTABLE_FOLDER_PATH)/AceNews";
			};
			name = Debug;
		};
		6842FE8D29925138009203B4 /* Release */ = {
			isa = XCBuildConfiguration;
			buildSettings = {
				ALWAYS_EMBED_SWIFT_STANDARD_LIBRARIES = YES;
				BUNDLE_LOADER = "$(TEST_HOST)";
				CODE_SIGN_STYLE = Automatic;
				CURRENT_PROJECT_VERSION = 1;
				GENERATE_INFOPLIST_FILE = YES;
				IPHONEOS_DEPLOYMENT_TARGET = 16.2;
				MARKETING_VERSION = 1.0;
				PRODUCT_BUNDLE_IDENTIFIER = AceEzra.AceNewsTests;
				PRODUCT_NAME = "$(TARGET_NAME)";
				SWIFT_EMIT_LOC_STRINGS = NO;
				SWIFT_VERSION = 5.0;
				TARGETED_DEVICE_FAMILY = "1,2";
				TEST_HOST = "$(BUILT_PRODUCTS_DIR)/AceNews.app/$(BUNDLE_EXECUTABLE_FOLDER_PATH)/AceNews";
			};
			name = Release;
		};
		6842FE8F29925138009203B4 /* Debug */ = {
			isa = XCBuildConfiguration;
			buildSettings = {
				ALWAYS_EMBED_SWIFT_STANDARD_LIBRARIES = YES;
				CODE_SIGN_STYLE = Automatic;
				CURRENT_PROJECT_VERSION = 1;
				GENERATE_INFOPLIST_FILE = YES;
				MARKETING_VERSION = 1.0;
				PRODUCT_BUNDLE_IDENTIFIER = AceEzra.AceNewsUITests;
				PRODUCT_NAME = "$(TARGET_NAME)";
				SWIFT_EMIT_LOC_STRINGS = NO;
				SWIFT_VERSION = 5.0;
				TARGETED_DEVICE_FAMILY = "1,2";
				TEST_TARGET_NAME = AceNews;
			};
			name = Debug;
		};
		6842FE9029925138009203B4 /* Release */ = {
			isa = XCBuildConfiguration;
			buildSettings = {
				ALWAYS_EMBED_SWIFT_STANDARD_LIBRARIES = YES;
				CODE_SIGN_STYLE = Automatic;
				CURRENT_PROJECT_VERSION = 1;
				GENERATE_INFOPLIST_FILE = YES;
				MARKETING_VERSION = 1.0;
				PRODUCT_BUNDLE_IDENTIFIER = AceEzra.AceNewsUITests;
				PRODUCT_NAME = "$(TARGET_NAME)";
				SWIFT_EMIT_LOC_STRINGS = NO;
				SWIFT_VERSION = 5.0;
				TARGETED_DEVICE_FAMILY = "1,2";
				TEST_TARGET_NAME = AceNews;
			};
			name = Release;
		};
/* End XCBuildConfiguration section */

/* Begin XCConfigurationList section */
		6842FE5F29925137009203B4 /* Build configuration list for PBXProject "AceNews" */ = {
			isa = XCConfigurationList;
			buildConfigurations = (
				6842FE8629925138009203B4 /* Debug */,
				6842FE8729925138009203B4 /* Release */,
			);
			defaultConfigurationIsVisible = 0;
			defaultConfigurationName = Release;
		};
		6842FE8829925138009203B4 /* Build configuration list for PBXNativeTarget "AceNews" */ = {
			isa = XCConfigurationList;
			buildConfigurations = (
				6842FE8929925138009203B4 /* Debug */,
				6842FE8A29925138009203B4 /* Release */,
			);
			defaultConfigurationIsVisible = 0;
			defaultConfigurationName = Release;
		};
		6842FE8B29925138009203B4 /* Build configuration list for PBXNativeTarget "AceNewsTests" */ = {
			isa = XCConfigurationList;
			buildConfigurations = (
				6842FE8C29925138009203B4 /* Debug */,
				6842FE8D29925138009203B4 /* Release */,
			);
			defaultConfigurationIsVisible = 0;
			defaultConfigurationName = Release;
		};
		6842FE8E29925138009203B4 /* Build configuration list for PBXNativeTarget "AceNewsUITests" */ = {
			isa = XCConfigurationList;
			buildConfigurations = (
				6842FE8F29925138009203B4 /* Debug */,
				6842FE9029925138009203B4 /* Release */,
			);
			defaultConfigurationIsVisible = 0;
			defaultConfigurationName = Release;
		};
/* End XCConfigurationList section */
	};
	rootObject = 6842FE5C29925137009203B4 /* Project object */;
}
